// !$*UTF8*$!
{
	archiveVersion = 1;
	classes = {
	};
	objectVersion = 46;
	objects = {

/* Begin PBXBuildFile section */
		C621CB531F6D50C2001D74A0 /* Editions.swift in Sources */ = {isa = PBXBuildFile; fileRef = C621CB521F6D50C2001D74A0 /* Editions.swift */; };
		C63F6E391F25537C004EBFF0 /* main.swift in Sources */ = {isa = PBXBuildFile; fileRef = C63F6E381F25537C004EBFF0 /* main.swift */; };
		C68B2C541F6C35AD004A46B7 /* Pokemon.swift in Sources */ = {isa = PBXBuildFile; fileRef = C68B2C531F6C35AD004A46B7 /* Pokemon.swift */; };
/* End PBXBuildFile section */

/* Begin PBXCopyFilesBuildPhase section */
		C63F6E331F25537C004EBFF0 /* CopyFiles */ = {
			isa = PBXCopyFilesBuildPhase;
			buildActionMask = 2147483647;
			dstPath = /usr/share/man/man1/;
			dstSubfolderSpec = 0;
			files = (
			);
			runOnlyForDeploymentPostprocessing = 1;
		};
/* End PBXCopyFilesBuildPhase section */

/* Begin PBXFileReference section */
		C621CB521F6D50C2001D74A0 /* Editions.swift */ = {isa = PBXFileReference; fileEncoding = 4; lastKnownFileType = sourcecode.swift; path = Editions.swift; sourceTree = "<group>"; };
		C63F6E351F25537C004EBFF0 /* PokeTeamBuilder */ = {isa = PBXFileReference; explicitFileType = "compiled.mach-o.executable"; includeInIndex = 0; path = PokeTeamBuilder; sourceTree = BUILT_PRODUCTS_DIR; };
		C63F6E381F25537C004EBFF0 /* main.swift */ = {isa = PBXFileReference; lastKnownFileType = sourcecode.swift; path = main.swift; sourceTree = "<group>"; };
		C68B2C531F6C35AD004A46B7 /* Pokemon.swift */ = {isa = PBXFileReference; fileEncoding = 4; lastKnownFileType = sourcecode.swift; path = Pokemon.swift; sourceTree = "<group>"; };
/* End PBXFileReference section */

/* Begin PBXFrameworksBuildPhase section */
		C63F6E321F25537C004EBFF0 /* Frameworks */ = {
			isa = PBXFrameworksBuildPhase;
			buildActionMask = 2147483647;
			files = (
			);
			runOnlyForDeploymentPostprocessing = 0;
		};
/* End PBXFrameworksBuildPhase section */

/* Begin PBXGroup section */
		C63F6E2C1F25537B004EBFF0 = {
			isa = PBXGroup;
			children = (
				C63F6E371F25537C004EBFF0 /* PokeTeamBuilder */,
				C63F6E361F25537C004EBFF0 /* Products */,
			);
			sourceTree = "<group>";
		};
		C63F6E361F25537C004EBFF0 /* Products */ = {
			isa = PBXGroup;
			children = (
				C63F6E351F25537C004EBFF0 /* PokeTeamBuilder */,
			);
			name = Products;
			sourceTree = "<group>";
		};
		C63F6E371F25537C004EBFF0 /* PokeTeamBuilder */ = {
			isa = PBXGroup;
			children = (
				C63F6E381F25537C004EBFF0 /* main.swift */,
				C68B2C531F6C35AD004A46B7 /* Pokemon.swift */,
				C621CB521F6D50C2001D74A0 /* Editions.swift */,
			);
			path = PokeTeamBuilder;
			sourceTree = "<group>";
		};
/* End PBXGroup section */

/* Begin PBXNativeTarget section */
		C63F6E341F25537C004EBFF0 /* PokeTeamBuilder */ = {
			isa = PBXNativeTarget;
			buildConfigurationList = C63F6E3C1F25537C004EBFF0 /* Build configuration list for PBXNativeTarget "PokeTeamBuilder" */;
			buildPhases = (
				C63F6E311F25537C004EBFF0 /* Sources */,
				C63F6E321F25537C004EBFF0 /* Frameworks */,
				C63F6E331F25537C004EBFF0 /* CopyFiles */,
			);
			buildRules = (
			);
			dependencies = (
			);
			name = PokeTeamBuilder;
			productName = PokeTeamBuilder;
			productReference = C63F6E351F25537C004EBFF0 /* PokeTeamBuilder */;
			productType = "com.apple.product-type.tool";
		};
/* End PBXNativeTarget section */

/* Begin PBXProject section */
		C63F6E2D1F25537B004EBFF0 /* Project object */ = {
			isa = PBXProject;
			attributes = {
				LastSwiftUpdateCheck = 0820;
				LastUpgradeCheck = 0820;
				ORGANIZATIONNAME = "Frederic Kehrein";
				TargetAttributes = {
					C63F6E341F25537C004EBFF0 = {
						CreatedOnToolsVersion = 8.2.1;
						ProvisioningStyle = Automatic;
					};
				};
			};
			buildConfigurationList = C63F6E301F25537B004EBFF0 /* Build configuration list for PBXProject "PokeTeamBuilder" */;
			compatibilityVersion = "Xcode 3.2";
			developmentRegion = English;
			hasScannedForEncodings = 0;
			knownRegions = (
				en,
			);
			mainGroup = C63F6E2C1F25537B004EBFF0;
			productRefGroup = C63F6E361F25537C004EBFF0 /* Products */;
			projectDirPath = "";
			projectRoot = "";
			targets = (
				C63F6E341F25537C004EBFF0 /* PokeTeamBuilder */,
			);
		};
/* End PBXProject section */

/* Begin PBXSourcesBuildPhase section */
		C63F6E311F25537C004EBFF0 /* Sources */ = {
			isa = PBXSourcesBuildPhase;
			buildActionMask = 2147483647;
			files = (
				C63F6E391F25537C004EBFF0 /* main.swift in Sources */,
				C68B2C541F6C35AD004A46B7 /* Pokemon.swift in Sources */,
				C621CB531F6D50C2001D74A0 /* Editions.swift in Sources */,
			);
			runOnlyForDeploymentPostprocessing = 0;
		};
/* End PBXSourcesBuildPhase section */

/* Begin XCBuildConfiguration section */
		C63F6E3A1F25537C004EBFF0 /* Debug */ = {
			isa = XCBuildConfiguration;
			buildSettings = {
				ALWAYS_SEARCH_USER_PATHS = NO;
				CLANG_ANALYZER_NONNULL = YES;
				CLANG_CXX_LANGUAGE_STANDARD = "gnu++0x";
				CLANG_CXX_LIBRARY = "libc++";
				CLANG_ENABLE_MODULES = YES;
				CLANG_ENABLE_OBJC_ARC = YES;
				CLANG_WARN_BOOL_CONVERSION = YES;
				CLANG_WARN_CONSTANT_CONVERSION = YES;
				CLANG_WARN_DIRECT_OBJC_ISA_USAGE = YES_ERROR;
				CLANG_WARN_DOCUMENTATION_COMMENTS = YES;
				CLANG_WARN_EMPTY_BODY = YES;
				CLANG_WARN_ENUM_CONVERSION = YES;
				CLANG_WARN_INFINITE_RECURSION = YES;
				CLANG_WARN_INT_CONVERSION = YES;
				CLANG_WARN_OBJC_ROOT_CLASS = YES_ERROR;
				CLANG_WARN_SUSPICIOUS_MOVE = YES;
				CLANG_WARN_UNREACHABLE_CODE = YES;
				CLANG_WARN__DUPLICATE_METHOD_MATCH = YES;
				CODE_SIGN_IDENTITY = "-";
				COPY_PHASE_STRIP = NO;
				DEBUG_INFORMATION_FORMAT = dwarf;
				ENABLE_STRICT_OBJC_MSGSEND = YES;
				ENABLE_TESTABILITY = YES;
				GCC_C_LANGUAGE_STANDARD = gnu99;
				GCC_DYNAMIC_NO_PIC = NO;
				GCC_NO_COMMON_BLOCKS = YES;
				GCC_OPTIMIZATION_LEVEL = 0;
				GCC_PREPROCESSOR_DEFINITIONS = (
					"DEBUG=1",
					"$(inherited)",
				);
				GCC_WARN_64_TO_32_BIT_CONVERSION = YES;
				GCC_WARN_ABOUT_RETURN_TYPE = YES_ERROR;
				GCC_WARN_UNDECLARED_SELECTOR = YES;
				GCC_WARN_UNINITIALIZED_AUTOS = YES_AGGRESSIVE;
				GCC_WARN_UNUSED_FUNCTION = YES;
				GCC_WARN_UNUSED_VARIABLE = YES;
				MACOSX_DEPLOYMENT_TARGET = 10.12;
				MTL_ENABLE_DEBUG_INFO = YES;
				ONLY_ACTIVE_ARCH = YES;
				SDKROOT = macosx;
				SWIFT_OPTIMIZATION_LEVEL = "-Onone";
			};
			name = Debug;
		};
		C63F6E3B1F25537C004EBFF0 /* Release */ = {
			isa = XCBuildConfiguration;
			buildSettings = {
				ALWAYS_SEARCH_USER_PATHS = NO;
				CLANG_ANALYZER_NONNULL = YES;
				CLANG_CXX_LANGUAGE_STANDARD = "gnu++0x";
				CLANG_CXX_LIBRARY = "libc++";
				CLANG_ENABLE_MODULES = YES;
				CLANG_ENABLE_OBJC_ARC = YES;
				CLANG_WARN_BOOL_CONVERSION = YES;
				CLANG_WARN_CONSTANT_CONVERSION = YES;
				CLANG_WARN_DIRECT_OBJC_ISA_USAGE = YES_ERROR;
				CLANG_WARN_DOCUMENTATION_COMMENTS = YES;
				CLANG_WARN_EMPTY_BODY = YES;
				CLANG_WARN_ENUM_CONVERSION = YES;
				CLANG_WARN_INFINITE_RECURSION = YES;
				CLANG_WARN_INT_CONVERSION = YES;
				CLANG_WARN_OBJC_ROOT_CLASS = YES_ERROR;
				CLANG_WARN_SUSPICIOUS_MOVE = YES;
				CLANG_WARN_UNREACHABLE_CODE = YES;
				CLANG_WARN__DUPLICATE_METHOD_MATCH = YES;
				CODE_SIGN_IDENTITY = "-";
				COPY_PHASE_STRIP = NO;
				DEBUG_INFORMATION_FORMAT = "dwarf-with-dsym";
				ENABLE_NS_ASSERTIONS = NO;
				ENABLE_STRICT_OBJC_MSGSEND = YES;
				GCC_C_LANGUAGE_STANDARD = gnu99;
				GCC_NO_COMMON_BLOCKS = YES;
				GCC_WARN_64_TO_32_BIT_CONVERSION = YES;
				GCC_WARN_ABOUT_RETURN_TYPE = YES_ERROR;
				GCC_WARN_UNDECLARED_SELECTOR = YES;
				GCC_WARN_UNINITIALIZED_AUTOS = YES_AGGRESSIVE;
				GCC_WARN_UNUSED_FUNCTION = YES;
				GCC_WARN_UNUSED_VARIABLE = YES;
				MACOSX_DEPLOYMENT_TARGET = 10.12;
				MTL_ENABLE_DEBUG_INFO = NO;
				SDKROOT = macosx;
			};
			name = Release;
		};
		C63F6E3D1F25537C004EBFF0 /* Debug */ = {
			isa = XCBuildConfiguration;
			buildSettings = {
				PRODUCT_NAME = "$(TARGET_NAME)";
				SWIFT_VERSION = 3.0;
			};
			name = Debug;
		};
		C63F6E3E1F25537C004EBFF0 /* Release */ = {
			isa = XCBuildConfiguration;
			buildSettings = {
				PRODUCT_NAME = "$(TARGET_NAME)";
				SWIFT_VERSION = 3.0;
			};
			name = Release;
		};
/* End XCBuildConfiguration section */

/* Begin XCConfigurationList section */
		C63F6E301F25537B004EBFF0 /* Build configuration list for PBXProject "PokeTeamBuilder" */ = {
			isa = XCConfigurationList;
			buildConfigurations = (
				C63F6E3A1F25537C004EBFF0 /* Debug */,
				C63F6E3B1F25537C004EBFF0 /* Release */,
			);
			defaultConfigurationIsVisible = 0;
			defaultConfigurationName = Release;
		};
		C63F6E3C1F25537C004EBFF0 /* Build configuration list for PBXNativeTarget "PokeTeamBuilder" */ = {
			isa = XCConfigurationList;
			buildConfigurations = (
				C63F6E3D1F25537C004EBFF0 /* Debug */,
				C63F6E3E1F25537C004EBFF0 /* Release */,
			);
			defaultConfigurationIsVisible = 0;
			defaultConfigurationName = Release;
		};
/* End XCConfigurationList section */
	};
	rootObject = C63F6E2D1F25537B004EBFF0 /* Project object */;
}
